
Microsoft Visual Studio Solution File, Format Version 12.00
# Visual Studio 15
VisualStudioVersion = 15.0.26730.16
MinimumVisualStudioVersion = 10.0.40219.1
Project("{FAE04EC0-301F-11D3-BF4B-00C04F79EFBC}") = "ConsoleApp_AutoMapper映射练习", "ConsoleApp_AutoMapper映射练习.csproj", "{C820C681-D7B4-4E1B-AF7C-C431C67A43C4}"
EndProject
Global
	GlobalSection(SolutionConfigurationPlatforms) = preSolution
		Debug|Any CPU = Debug|Any CPU
		Release|Any CPU = Release|Any CPU
	EndGlobalSection
	GlobalSection(ProjectConfigurationPlatforms) = postSolution
		{C820C681-D7B4-4E1B-AF7C-C431C67A43C4}.Debug|Any CPU.ActiveCfg = Debug|Any CPU
		{C820C681-D7B4-4E1B-AF7C-C431C67A43C4}.Debug|Any CPU.Build.0 = Debug|Any CPU
		{C820C681-D7B4-4E1B-AF7C-C431C67A43C4}.Release|Any CPU.ActiveCfg = Release|Any CPU
		{C820C681-D7B4-4E1B-AF7C-C431C67A43C4}.Release|Any CPU.Build.0 = Release|Any CPU
	EndGlobalSection
	GlobalSection(SolutionProperties) = preSolution
		HideSolutionNode = FALSE
	EndGlobalSection
	GlobalSection(ExtensibilityGlobals) = postSolution
		SolutionGuid = {2426BAB9-4587-4D83-864D-E1B871F6C2E7}
	EndGlobalSection
EndGlobal
