
Microsoft Visual Studio Solution File, Format Version 12.00
# Visual Studio 14
VisualStudioVersion = 14.0.25420.1
MinimumVisualStudioVersion = 10.0.40219.1
Project("{FAE04EC0-301F-11D3-BF4B-00C04F79EFBC}") = "ConsoleApp1", "ConsoleApp1\ConsoleApp1.csproj", "{C4EAA946-4516-442B-9079-BA2842FBA05F}"
EndProject
Project("{FAE04EC0-301F-11D3-BF4B-00C04F79EFBC}") = "ConsoleApp_泛型类练习", "ConsoleApp_泛型类练习\ConsoleApp_泛型类练习.csproj", "{383ED2F2-3DEA-4E91-BA8F-E0C99ED88CFC}"
EndProject
Project("{FAE04EC0-301F-11D3-BF4B-00C04F79EFBC}") = "WebForm", "WebForm\WebForm.csproj", "{D633C0AD-ACE3-47D7-9B19-9BCEA10765DB}"
EndProject
Project("{FAE04EC0-301F-11D3-BF4B-00C04F79EFBC}") = "WebForm2", "WebForm2\WebForm2.csproj", "{B4487A7E-8AB5-4016-862D-BB3F1B91DA8C}"
	ProjectSection(ProjectDependencies) = postProject
		{D633C0AD-ACE3-47D7-9B19-9BCEA10765DB} = {D633C0AD-ACE3-47D7-9B19-9BCEA10765DB}
	EndProjectSection
EndProject
Project("{FAE04EC0-301F-11D3-BF4B-00C04F79EFBC}") = "MVC_Test", "MVC_Test\MVC_Test.csproj", "{8F6F323D-042A-4E78-ACF2-50CEE9149B67}"
EndProject
Project("{FAE04EC0-301F-11D3-BF4B-00C04F79EFBC}") = "ConsoleApp_自定义特性", "ConsoleApp_自定义特性\ConsoleApp_自定义特性.csproj", "{0E1C67AA-B734-47B6-B411-2A2E6F5AC6FB}"
EndProject
Project("{FAE04EC0-301F-11D3-BF4B-00C04F79EFBC}") = "ConsoleApp_抽象工厂", "ConsoleApp_抽象工厂\ConsoleApp_抽象工厂.csproj", "{FC69198C-1A76-4D37-B4C6-2ED7FDF1EA73}"
EndProject
Project("{FAE04EC0-301F-11D3-BF4B-00C04F79EFBC}") = "WebApiTest", "WebApiTest\WebApiTest.csproj", "{EBFF67AE-CF0D-42A5-A894-CF7B1DD85DB6}"
EndProject
Project("{FAE04EC0-301F-11D3-BF4B-00C04F79EFBC}") = "WebApiTest.Tests", "WebApiTest.Tests\WebApiTest.Tests.csproj", "{449A1E76-F058-4D36-ADB0-8F58C7EDEF69}"
EndProject
Project("{FAE04EC0-301F-11D3-BF4B-00C04F79EFBC}") = "ConsoleApp_抽象工厂Tests", "ConsoleApp_抽象工厂Tests\ConsoleApp_抽象工厂Tests.csproj", "{62D6B8E6-BDA5-4A4B-B644-DAB445A6B416}"
EndProject
Project("{FAE04EC0-301F-11D3-BF4B-00C04F79EFBC}") = "ConsoleApp_依赖注入", "ConsoleApp_依赖注入\ConsoleApp_依赖注入.csproj", "{D888027C-9E20-471B-842B-F5BDF1C72F79}"
EndProject
Project("{FAE04EC0-301F-11D3-BF4B-00C04F79EFBC}") = "WindowsFormsApp_多线程修改控件值", "WindowsFormsApp_多线程修改控件值\WindowsFormsApp_多线程修改控件值.csproj", "{E33F0E16-77F3-4849-B448-017EE2CAEDF0}"
EndProject
Project("{FAE04EC0-301F-11D3-BF4B-00C04F79EFBC}") = "ConsoleApp2", "ConsoleApp2\ConsoleApp2.csproj", "{07C9D6FE-C719-4B31-A83F-C8A196BD9523}"
EndProject
Project("{FAE04EC0-301F-11D3-BF4B-00C04F79EFBC}") = "ConsoleApp_AutoMapper", "ConsoleApp_AutoMapper\ConsoleApp_AutoMapper.csproj", "{6B6EE812-D9D3-4B70-8785-ADC2A2E8F4BB}"
EndProject
Project("{2150E333-8FDC-42A3-9474-1A3956D46DE8}") = "AutoMapper", "AutoMapper", "{249CD836-4296-4863-BAE9-2A2640F23AF8}"
EndProject
Project("{FAE04EC0-301F-11D3-BF4B-00C04F79EFBC}") = "ConsoleApp_扁平化映射", "ConsoleApp_扁平化映射\ConsoleApp_扁平化映射.csproj", "{7D61D09E-1CF2-4AED-9E17-709500E5192A}"
EndProject
Project("{FAE04EC0-301F-11D3-BF4B-00C04F79EFBC}") = "ConsoleApp_集合验证", "ConsoleApp_集合验证\ConsoleApp_集合验证.csproj", "{C1FDDB88-F9B3-480A-8EAB-2C03ACBC1C4B}"
EndProject
Project("{FAE04EC0-301F-11D3-BF4B-00C04F79EFBC}") = "ConsoleApp_投影及条件映射", "ConsoleApp_投影及条件映射\ConsoleApp_投影及条件映射.csproj", "{6488D474-46DC-42EE-B435-5418B7F4AC2A}"
EndProject
Project("{FAE04EC0-301F-11D3-BF4B-00C04F79EFBC}") = "ConsoleApp_值转换", "ConsoleApp_值转换\ConsoleApp_值转换.csproj", "{F7423ADF-A187-4B0F-9662-12E994EAC8BA}"
EndProject
Project("{FAE04EC0-301F-11D3-BF4B-00C04F79EFBC}") = "ConsoleApp_空值替换", "ConsoleApp_空值替换\ConsoleApp_空值替换.csproj", "{9581490D-E85D-4059-A454-2D5B3D3D0D1F}"
EndProject
Project("{FAE04EC0-301F-11D3-BF4B-00C04F79EFBC}") = "ConsoleApp_配置验证及设置", "ConsoleApp_配置验证及设置\ConsoleApp_配置验证及设置.csproj", "{856B57AA-A7E2-4905-A846-C0CF117DBF27}"
EndProject
Project("{FAE04EC0-301F-11D3-BF4B-00C04F79EFBC}") = "ConsoleApp_设置转换前后行为", "ConsoleApp_设置转换前后行为\ConsoleApp_设置转换前后行为.csproj", "{D4577A7A-7298-4E92-A8F7-6A39530E27DA}"
EndProject
Project("{FAE04EC0-301F-11D3-BF4B-00C04F79EFBC}") = "ConsoleApp_反向映射", "ConsoleApp_反向映射\ConsoleApp_反向映射.csproj", "{D2F802E2-E7C9-42AC-B67C-78D0237CA838}"
EndProject
Project("{FAE04EC0-301F-11D3-BF4B-00C04F79EFBC}") = "ConsoleApp_自定义转换器", "ConsoleApp_自定义转换器\ConsoleApp_自定义转换器.csproj", "{E3F0CBFB-2135-4980-AA6F-2AF126A5411B}"
EndProject
Project("{FAE04EC0-301F-11D3-BF4B-00C04F79EFBC}") = "ConsoleApp_自定义解析器", "ConsoleApp_自定义解析器\ConsoleApp_自定义解析器.csproj", "{A15D029C-B4E6-4164-B5BE-6F3260FC7A29}"
EndProject
Project("{FAE04EC0-301F-11D3-BF4B-00C04F79EFBC}") = "ConsoleApp_AutoMapper封装", "ConsoleApp_AutoMapper封装\ConsoleApp_AutoMapper封装.csproj", "{3E2706EF-4213-4102-98B0-F65BFE7033B1}"
EndProject
Project("{2150E333-8FDC-42A3-9474-1A3956D46DE8}") = "Helper", "Helper", "{A3A08B67-4E8A-4BE2-93D8-2B88CB31FC27}"
EndProject
Project("{FAE04EC0-301F-11D3-BF4B-00C04F79EFBC}") = "ConsoleApp_Helper帮助类及其测试", "ConsoleApp_Helper帮助类及其测试\ConsoleApp_Helper帮助类及其测试.csproj", "{DC42D221-6476-4515-8113-D7AAC1DDE869}"
EndProject
Project("{FAE04EC0-301F-11D3-BF4B-00C04F79EFBC}") = "DXApplication1", "DXApplication1\DXApplication1.csproj", "{3BD90815-19A7-49C3-A023-58013327AEA2}"
EndProject
Project("{FAE04EC0-301F-11D3-BF4B-00C04F79EFBC}") = "委托事件练习", "委托事件练习\委托事件练习.csproj", "{D05CD2DC-EE8F-4208-86FA-F59E8E517F36}"
EndProject
Project("{FAE04EC0-301F-11D3-BF4B-00C04F79EFBC}") = "EFModel", "EFModel\EFModel.csproj", "{50E20C64-26DC-456E-B39D-56D6829E3352}"
EndProject
Global
	GlobalSection(SolutionConfigurationPlatforms) = preSolution
		Debug|Any CPU = Debug|Any CPU
		Release|Any CPU = Release|Any CPU
	EndGlobalSection
	GlobalSection(ProjectConfigurationPlatforms) = postSolution
		{C4EAA946-4516-442B-9079-BA2842FBA05F}.Debug|Any CPU.ActiveCfg = Debug|Any CPU
		{C4EAA946-4516-442B-9079-BA2842FBA05F}.Debug|Any CPU.Build.0 = Debug|Any CPU
		{C4EAA946-4516-442B-9079-BA2842FBA05F}.Release|Any CPU.ActiveCfg = Release|Any CPU
		{C4EAA946-4516-442B-9079-BA2842FBA05F}.Release|Any CPU.Build.0 = Release|Any CPU
		{383ED2F2-3DEA-4E91-BA8F-E0C99ED88CFC}.Debug|Any CPU.ActiveCfg = Debug|Any CPU
		{383ED2F2-3DEA-4E91-BA8F-E0C99ED88CFC}.Debug|Any CPU.Build.0 = Debug|Any CPU
		{383ED2F2-3DEA-4E91-BA8F-E0C99ED88CFC}.Release|Any CPU.ActiveCfg = Release|Any CPU
		{383ED2F2-3DEA-4E91-BA8F-E0C99ED88CFC}.Release|Any CPU.Build.0 = Release|Any CPU
		{D633C0AD-ACE3-47D7-9B19-9BCEA10765DB}.Debug|Any CPU.ActiveCfg = Debug|Any CPU
		{D633C0AD-ACE3-47D7-9B19-9BCEA10765DB}.Debug|Any CPU.Build.0 = Debug|Any CPU
		{D633C0AD-ACE3-47D7-9B19-9BCEA10765DB}.Release|Any CPU.ActiveCfg = Release|Any CPU
		{D633C0AD-ACE3-47D7-9B19-9BCEA10765DB}.Release|Any CPU.Build.0 = Release|Any CPU
		{B4487A7E-8AB5-4016-862D-BB3F1B91DA8C}.Debug|Any CPU.ActiveCfg = Debug|Any CPU
		{B4487A7E-8AB5-4016-862D-BB3F1B91DA8C}.Debug|Any CPU.Build.0 = Debug|Any CPU
		{B4487A7E-8AB5-4016-862D-BB3F1B91DA8C}.Release|Any CPU.ActiveCfg = Release|Any CPU
		{B4487A7E-8AB5-4016-862D-BB3F1B91DA8C}.Release|Any CPU.Build.0 = Release|Any CPU
		{8F6F323D-042A-4E78-ACF2-50CEE9149B67}.Debug|Any CPU.ActiveCfg = Debug|Any CPU
		{8F6F323D-042A-4E78-ACF2-50CEE9149B67}.Debug|Any CPU.Build.0 = Debug|Any CPU
		{8F6F323D-042A-4E78-ACF2-50CEE9149B67}.Release|Any CPU.ActiveCfg = Release|Any CPU
		{8F6F323D-042A-4E78-ACF2-50CEE9149B67}.Release|Any CPU.Build.0 = Release|Any CPU
		{0E1C67AA-B734-47B6-B411-2A2E6F5AC6FB}.Debug|Any CPU.ActiveCfg = Debug|Any CPU
		{0E1C67AA-B734-47B6-B411-2A2E6F5AC6FB}.Debug|Any CPU.Build.0 = Debug|Any CPU
		{0E1C67AA-B734-47B6-B411-2A2E6F5AC6FB}.Release|Any CPU.ActiveCfg = Release|Any CPU
		{0E1C67AA-B734-47B6-B411-2A2E6F5AC6FB}.Release|Any CPU.Build.0 = Release|Any CPU
		{FC69198C-1A76-4D37-B4C6-2ED7FDF1EA73}.Debug|Any CPU.ActiveCfg = Debug|Any CPU
		{FC69198C-1A76-4D37-B4C6-2ED7FDF1EA73}.Debug|Any CPU.Build.0 = Debug|Any CPU
		{FC69198C-1A76-4D37-B4C6-2ED7FDF1EA73}.Release|Any CPU.ActiveCfg = Release|Any CPU
		{FC69198C-1A76-4D37-B4C6-2ED7FDF1EA73}.Release|Any CPU.Build.0 = Release|Any CPU
		{EBFF67AE-CF0D-42A5-A894-CF7B1DD85DB6}.Debug|Any CPU.ActiveCfg = Debug|Any CPU
		{EBFF67AE-CF0D-42A5-A894-CF7B1DD85DB6}.Debug|Any CPU.Build.0 = Debug|Any CPU
		{EBFF67AE-CF0D-42A5-A894-CF7B1DD85DB6}.Release|Any CPU.ActiveCfg = Release|Any CPU
		{EBFF67AE-CF0D-42A5-A894-CF7B1DD85DB6}.Release|Any CPU.Build.0 = Release|Any CPU
		{449A1E76-F058-4D36-ADB0-8F58C7EDEF69}.Debug|Any CPU.ActiveCfg = Debug|Any CPU
		{449A1E76-F058-4D36-ADB0-8F58C7EDEF69}.Debug|Any CPU.Build.0 = Debug|Any CPU
		{449A1E76-F058-4D36-ADB0-8F58C7EDEF69}.Release|Any CPU.ActiveCfg = Release|Any CPU
		{449A1E76-F058-4D36-ADB0-8F58C7EDEF69}.Release|Any CPU.Build.0 = Release|Any CPU
		{62D6B8E6-BDA5-4A4B-B644-DAB445A6B416}.Debug|Any CPU.ActiveCfg = Debug|Any CPU
		{62D6B8E6-BDA5-4A4B-B644-DAB445A6B416}.Debug|Any CPU.Build.0 = Debug|Any CPU
		{62D6B8E6-BDA5-4A4B-B644-DAB445A6B416}.Release|Any CPU.ActiveCfg = Release|Any CPU
		{62D6B8E6-BDA5-4A4B-B644-DAB445A6B416}.Release|Any CPU.Build.0 = Release|Any CPU
		{D888027C-9E20-471B-842B-F5BDF1C72F79}.Debug|Any CPU.ActiveCfg = Debug|Any CPU
		{D888027C-9E20-471B-842B-F5BDF1C72F79}.Debug|Any CPU.Build.0 = Debug|Any CPU
		{D888027C-9E20-471B-842B-F5BDF1C72F79}.Release|Any CPU.ActiveCfg = Release|Any CPU
		{D888027C-9E20-471B-842B-F5BDF1C72F79}.Release|Any CPU.Build.0 = Release|Any CPU
		{E33F0E16-77F3-4849-B448-017EE2CAEDF0}.Debug|Any CPU.ActiveCfg = Debug|Any CPU
		{E33F0E16-77F3-4849-B448-017EE2CAEDF0}.Debug|Any CPU.Build.0 = Debug|Any CPU
		{E33F0E16-77F3-4849-B448-017EE2CAEDF0}.Release|Any CPU.ActiveCfg = Release|Any CPU
		{E33F0E16-77F3-4849-B448-017EE2CAEDF0}.Release|Any CPU.Build.0 = Release|Any CPU
		{07C9D6FE-C719-4B31-A83F-C8A196BD9523}.Debug|Any CPU.ActiveCfg = Debug|Any CPU
		{07C9D6FE-C719-4B31-A83F-C8A196BD9523}.Debug|Any CPU.Build.0 = Debug|Any CPU
		{07C9D6FE-C719-4B31-A83F-C8A196BD9523}.Release|Any CPU.ActiveCfg = Release|Any CPU
		{07C9D6FE-C719-4B31-A83F-C8A196BD9523}.Release|Any CPU.Build.0 = Release|Any CPU
		{6B6EE812-D9D3-4B70-8785-ADC2A2E8F4BB}.Debug|Any CPU.ActiveCfg = Debug|Any CPU
		{6B6EE812-D9D3-4B70-8785-ADC2A2E8F4BB}.Debug|Any CPU.Build.0 = Debug|Any CPU
		{6B6EE812-D9D3-4B70-8785-ADC2A2E8F4BB}.Release|Any CPU.ActiveCfg = Release|Any CPU
		{6B6EE812-D9D3-4B70-8785-ADC2A2E8F4BB}.Release|Any CPU.Build.0 = Release|Any CPU
		{7D61D09E-1CF2-4AED-9E17-709500E5192A}.Debug|Any CPU.ActiveCfg = Debug|Any CPU
		{7D61D09E-1CF2-4AED-9E17-709500E5192A}.Debug|Any CPU.Build.0 = Debug|Any CPU
		{7D61D09E-1CF2-4AED-9E17-709500E5192A}.Release|Any CPU.ActiveCfg = Release|Any CPU
		{7D61D09E-1CF2-4AED-9E17-709500E5192A}.Release|Any CPU.Build.0 = Release|Any CPU
		{C1FDDB88-F9B3-480A-8EAB-2C03ACBC1C4B}.Debug|Any CPU.ActiveCfg = Debug|Any CPU
		{C1FDDB88-F9B3-480A-8EAB-2C03ACBC1C4B}.Debug|Any CPU.Build.0 = Debug|Any CPU
		{C1FDDB88-F9B3-480A-8EAB-2C03ACBC1C4B}.Release|Any CPU.ActiveCfg = Release|Any CPU
		{C1FDDB88-F9B3-480A-8EAB-2C03ACBC1C4B}.Release|Any CPU.Build.0 = Release|Any CPU
		{6488D474-46DC-42EE-B435-5418B7F4AC2A}.Debug|Any CPU.ActiveCfg = Debug|Any CPU
		{6488D474-46DC-42EE-B435-5418B7F4AC2A}.Debug|Any CPU.Build.0 = Debug|Any CPU
		{6488D474-46DC-42EE-B435-5418B7F4AC2A}.Release|Any CPU.ActiveCfg = Release|Any CPU
		{6488D474-46DC-42EE-B435-5418B7F4AC2A}.Release|Any CPU.Build.0 = Release|Any CPU
		{F7423ADF-A187-4B0F-9662-12E994EAC8BA}.Debug|Any CPU.ActiveCfg = Debug|Any CPU
		{F7423ADF-A187-4B0F-9662-12E994EAC8BA}.Debug|Any CPU.Build.0 = Debug|Any CPU
		{F7423ADF-A187-4B0F-9662-12E994EAC8BA}.Release|Any CPU.ActiveCfg = Release|Any CPU
		{F7423ADF-A187-4B0F-9662-12E994EAC8BA}.Release|Any CPU.Build.0 = Release|Any CPU
		{9581490D-E85D-4059-A454-2D5B3D3D0D1F}.Debug|Any CPU.ActiveCfg = Debug|Any CPU
		{9581490D-E85D-4059-A454-2D5B3D3D0D1F}.Debug|Any CPU.Build.0 = Debug|Any CPU
		{9581490D-E85D-4059-A454-2D5B3D3D0D1F}.Release|Any CPU.ActiveCfg = Release|Any CPU
		{9581490D-E85D-4059-A454-2D5B3D3D0D1F}.Release|Any CPU.Build.0 = Release|Any CPU
		{856B57AA-A7E2-4905-A846-C0CF117DBF27}.Debug|Any CPU.ActiveCfg = Debug|Any CPU
		{856B57AA-A7E2-4905-A846-C0CF117DBF27}.Debug|Any CPU.Build.0 = Debug|Any CPU
		{856B57AA-A7E2-4905-A846-C0CF117DBF27}.Release|Any CPU.ActiveCfg = Release|Any CPU
		{856B57AA-A7E2-4905-A846-C0CF117DBF27}.Release|Any CPU.Build.0 = Release|Any CPU
		{D4577A7A-7298-4E92-A8F7-6A39530E27DA}.Debug|Any CPU.ActiveCfg = Debug|Any CPU
		{D4577A7A-7298-4E92-A8F7-6A39530E27DA}.Debug|Any CPU.Build.0 = Debug|Any CPU
		{D4577A7A-7298-4E92-A8F7-6A39530E27DA}.Release|Any CPU.ActiveCfg = Release|Any CPU
		{D4577A7A-7298-4E92-A8F7-6A39530E27DA}.Release|Any CPU.Build.0 = Release|Any CPU
		{D2F802E2-E7C9-42AC-B67C-78D0237CA838}.Debug|Any CPU.ActiveCfg = Debug|Any CPU
		{D2F802E2-E7C9-42AC-B67C-78D0237CA838}.Debug|Any CPU.Build.0 = Debug|Any CPU
		{D2F802E2-E7C9-42AC-B67C-78D0237CA838}.Release|Any CPU.ActiveCfg = Release|Any CPU
		{D2F802E2-E7C9-42AC-B67C-78D0237CA838}.Release|Any CPU.Build.0 = Release|Any CPU
		{E3F0CBFB-2135-4980-AA6F-2AF126A5411B}.Debug|Any CPU.ActiveCfg = Debug|Any CPU
		{E3F0CBFB-2135-4980-AA6F-2AF126A5411B}.Debug|Any CPU.Build.0 = Debug|Any CPU
		{E3F0CBFB-2135-4980-AA6F-2AF126A5411B}.Release|Any CPU.ActiveCfg = Release|Any CPU
		{E3F0CBFB-2135-4980-AA6F-2AF126A5411B}.Release|Any CPU.Build.0 = Release|Any CPU
		{A15D029C-B4E6-4164-B5BE-6F3260FC7A29}.Debug|Any CPU.ActiveCfg = Debug|Any CPU
		{A15D029C-B4E6-4164-B5BE-6F3260FC7A29}.Debug|Any CPU.Build.0 = Debug|Any CPU
		{A15D029C-B4E6-4164-B5BE-6F3260FC7A29}.Release|Any CPU.ActiveCfg = Release|Any CPU
		{A15D029C-B4E6-4164-B5BE-6F3260FC7A29}.Release|Any CPU.Build.0 = Release|Any CPU
		{3E2706EF-4213-4102-98B0-F65BFE7033B1}.Debug|Any CPU.ActiveCfg = Debug|Any CPU
		{3E2706EF-4213-4102-98B0-F65BFE7033B1}.Debug|Any CPU.Build.0 = Debug|Any CPU
		{3E2706EF-4213-4102-98B0-F65BFE7033B1}.Release|Any CPU.ActiveCfg = Release|Any CPU
		{3E2706EF-4213-4102-98B0-F65BFE7033B1}.Release|Any CPU.Build.0 = Release|Any CPU
		{DC42D221-6476-4515-8113-D7AAC1DDE869}.Debug|Any CPU.ActiveCfg = Debug|Any CPU
		{DC42D221-6476-4515-8113-D7AAC1DDE869}.Debug|Any CPU.Build.0 = Debug|Any CPU
		{DC42D221-6476-4515-8113-D7AAC1DDE869}.Release|Any CPU.ActiveCfg = Release|Any CPU
		{DC42D221-6476-4515-8113-D7AAC1DDE869}.Release|Any CPU.Build.0 = Release|Any CPU
		{3BD90815-19A7-49C3-A023-58013327AEA2}.Debug|Any CPU.ActiveCfg = Debug|Any CPU
		{3BD90815-19A7-49C3-A023-58013327AEA2}.Debug|Any CPU.Build.0 = Debug|Any CPU
		{3BD90815-19A7-49C3-A023-58013327AEA2}.Release|Any CPU.ActiveCfg = Release|Any CPU
		{3BD90815-19A7-49C3-A023-58013327AEA2}.Release|Any CPU.Build.0 = Release|Any CPU
		{D05CD2DC-EE8F-4208-86FA-F59E8E517F36}.Debug|Any CPU.ActiveCfg = Debug|Any CPU
		{D05CD2DC-EE8F-4208-86FA-F59E8E517F36}.Debug|Any CPU.Build.0 = Debug|Any CPU
		{D05CD2DC-EE8F-4208-86FA-F59E8E517F36}.Release|Any CPU.ActiveCfg = Release|Any CPU
		{D05CD2DC-EE8F-4208-86FA-F59E8E517F36}.Release|Any CPU.Build.0 = Release|Any CPU
		{50E20C64-26DC-456E-B39D-56D6829E3352}.Debug|Any CPU.ActiveCfg = Debug|Any CPU
		{50E20C64-26DC-456E-B39D-56D6829E3352}.Debug|Any CPU.Build.0 = Debug|Any CPU
		{50E20C64-26DC-456E-B39D-56D6829E3352}.Release|Any CPU.ActiveCfg = Release|Any CPU
		{50E20C64-26DC-456E-B39D-56D6829E3352}.Release|Any CPU.Build.0 = Release|Any CPU
	EndGlobalSection
	GlobalSection(SolutionProperties) = preSolution
		HideSolutionNode = FALSE
	EndGlobalSection
	GlobalSection(NestedProjects) = preSolution
		{6B6EE812-D9D3-4B70-8785-ADC2A2E8F4BB} = {249CD836-4296-4863-BAE9-2A2640F23AF8}
		{7D61D09E-1CF2-4AED-9E17-709500E5192A} = {249CD836-4296-4863-BAE9-2A2640F23AF8}
		{C1FDDB88-F9B3-480A-8EAB-2C03ACBC1C4B} = {249CD836-4296-4863-BAE9-2A2640F23AF8}
		{6488D474-46DC-42EE-B435-5418B7F4AC2A} = {249CD836-4296-4863-BAE9-2A2640F23AF8}
		{F7423ADF-A187-4B0F-9662-12E994EAC8BA} = {249CD836-4296-4863-BAE9-2A2640F23AF8}
		{9581490D-E85D-4059-A454-2D5B3D3D0D1F} = {249CD836-4296-4863-BAE9-2A2640F23AF8}
		{856B57AA-A7E2-4905-A846-C0CF117DBF27} = {249CD836-4296-4863-BAE9-2A2640F23AF8}
		{D4577A7A-7298-4E92-A8F7-6A39530E27DA} = {249CD836-4296-4863-BAE9-2A2640F23AF8}
		{D2F802E2-E7C9-42AC-B67C-78D0237CA838} = {249CD836-4296-4863-BAE9-2A2640F23AF8}
		{E3F0CBFB-2135-4980-AA6F-2AF126A5411B} = {249CD836-4296-4863-BAE9-2A2640F23AF8}
		{A15D029C-B4E6-4164-B5BE-6F3260FC7A29} = {249CD836-4296-4863-BAE9-2A2640F23AF8}
		{3E2706EF-4213-4102-98B0-F65BFE7033B1} = {249CD836-4296-4863-BAE9-2A2640F23AF8}
		{DC42D221-6476-4515-8113-D7AAC1DDE869} = {A3A08B67-4E8A-4BE2-93D8-2B88CB31FC27}
	EndGlobalSection
	GlobalSection(ExtensibilityGlobals) = postSolution
		SolutionGuid = {A7FB193F-8F37-44BC-8FD6-5030E6E97A3E}
	EndGlobalSection
EndGlobal
